// !$*UTF8*$!
{
	archiveVersion = 1;
	classes = {
	};
	objectVersion = 51;
	objects = {

/* Begin PBXBuildFile section */
		1746A86E3E7927C40BFFCDFA /* Pods_NYTimes.framework in Frameworks */ = {isa = PBXBuildFile; fileRef = BCB68FD48334722F0B0A8F4C /* Pods_NYTimes.framework */; };
		FA11CB25256550F800B61A7C /* NewsListTableViewCell.swift in Sources */ = {isa = PBXBuildFile; fileRef = FA11CB24256550F800B61A7C /* NewsListTableViewCell.swift */; };
		FA11CB2D256551A500B61A7C /* NewsItemViewModel.swift in Sources */ = {isa = PBXBuildFile; fileRef = FA11CB2C256551A500B61A7C /* NewsItemViewModel.swift */; };
		FA11CB502565860100B61A7C /* Media.swift in Sources */ = {isa = PBXBuildFile; fileRef = FA11CB4F2565860100B61A7C /* Media.swift */; };
		FA11CB5F2565974B00B61A7C /* ArticleTests.swift in Sources */ = {isa = PBXBuildFile; fileRef = FA11CB5E2565974B00B61A7C /* ArticleTests.swift */; };
		FA11CB6A256599DF00B61A7C /* MediaTests.swift in Sources */ = {isa = PBXBuildFile; fileRef = FA11CB69256599DF00B61A7C /* MediaTests.swift */; };
		FA11CB6F25659A5E00B61A7C /* MetadataTests.swift in Sources */ = {isa = PBXBuildFile; fileRef = FA11CB6E25659A5E00B61A7C /* MetadataTests.swift */; };
		FA11CB82256644C700B61A7C /* NewsListViewModelTests.swift in Sources */ = {isa = PBXBuildFile; fileRef = FA11CB81256644C700B61A7C /* NewsListViewModelTests.swift */; };
		FA11CB8C2566698800B61A7C /* Article+Factory.swift in Sources */ = {isa = PBXBuildFile; fileRef = FA11CB8B2566698800B61A7C /* Article+Factory.swift */; };
		FA11CB9125666A4E00B61A7C /* Media+Factory.swift in Sources */ = {isa = PBXBuildFile; fileRef = FA11CB9025666A4E00B61A7C /* Media+Factory.swift */; };
		FA11CB96256674D700B61A7C /* NewsItemViewModelTests.swift in Sources */ = {isa = PBXBuildFile; fileRef = FA11CB95256674D700B61A7C /* NewsItemViewModelTests.swift */; };
		FA11CB9C25667FD000B61A7C /* ArticleView.swift in Sources */ = {isa = PBXBuildFile; fileRef = FA11CB9B25667FD000B61A7C /* ArticleView.swift */; };
		FA11CBA125667FDB00B61A7C /* ArticleViewModel.swift in Sources */ = {isa = PBXBuildFile; fileRef = FA11CBA025667FDB00B61A7C /* ArticleViewModel.swift */; };
		FA11CBB72566AEBC00B61A7C /* ArticleViewModelTests.swift in Sources */ = {isa = PBXBuildFile; fileRef = FA11CBB62566AEBC00B61A7C /* ArticleViewModelTests.swift */; };
		FA3DC6CC2565385700DFD563 /* NewsListViewController.swift in Sources */ = {isa = PBXBuildFile; fileRef = FA3DC6CB2565385700DFD563 /* NewsListViewController.swift */; };
		FA595FF82564FFC900B5658F /* AppDelegate.swift in Sources */ = {isa = PBXBuildFile; fileRef = FA595FF72564FFC900B5658F /* AppDelegate.swift */; };
		FA595FFA2564FFC900B5658F /* SceneDelegate.swift in Sources */ = {isa = PBXBuildFile; fileRef = FA595FF92564FFC900B5658F /* SceneDelegate.swift */; };
		FA595FFE2564FFCB00B5658F /* Assets.xcassets in Resources */ = {isa = PBXBuildFile; fileRef = FA595FFD2564FFCB00B5658F /* Assets.xcassets */; };
		FA5960012564FFCB00B5658F /* Preview Assets.xcassets in Resources */ = {isa = PBXBuildFile; fileRef = FA5960002564FFCB00B5658F /* Preview Assets.xcassets */; };
		FA5960042564FFCB00B5658F /* LaunchScreen.storyboard in Resources */ = {isa = PBXBuildFile; fileRef = FA5960022564FFCB00B5658F /* LaunchScreen.storyboard */; };
		FA59601A2564FFCC00B5658F /* NYTimesUITests.swift in Sources */ = {isa = PBXBuildFile; fileRef = FA5960192564FFCC00B5658F /* NYTimesUITests.swift */; };
		FA596041256502D500B5658F /* ConfigurationManager.swift in Sources */ = {isa = PBXBuildFile; fileRef = FA596040256502D500B5658F /* ConfigurationManager.swift */; };
		FA59604A2565070400B5658F /* PopularNewsRepo.swift in Sources */ = {isa = PBXBuildFile; fileRef = FA5960492565070400B5658F /* PopularNewsRepo.swift */; };
		FA59604F2565075000B5658F /* Initiable.swift in Sources */ = {isa = PBXBuildFile; fileRef = FA59604E2565075000B5658F /* Initiable.swift */; };
		FA8453AF25650C7100D937E1 /* NewsListViewModel.swift in Sources */ = {isa = PBXBuildFile; fileRef = FA8453AE25650C7100D937E1 /* NewsListViewModel.swift */; };
		FA8453B425650DBB00D937E1 /* Article.swift in Sources */ = {isa = PBXBuildFile; fileRef = FA8453B325650DBB00D937E1 /* Article.swift */; };
		FA8453B925650E2C00D937E1 /* Publisher+Helpers.swift in Sources */ = {isa = PBXBuildFile; fileRef = FA8453B825650E2C00D937E1 /* Publisher+Helpers.swift */; };
		FA8453BE25650E4700D937E1 /* JSONDecoder+Helpers.swift in Sources */ = {isa = PBXBuildFile; fileRef = FA8453BD25650E4700D937E1 /* JSONDecoder+Helpers.swift */; };
		FA8453C62565128900D937E1 /* Alamofire+Helpers.swift in Sources */ = {isa = PBXBuildFile; fileRef = FA8453C52565128900D937E1 /* Alamofire+Helpers.swift */; };
		FA8453CB2565154500D937E1 /* Decodable+Helpers.swift in Sources */ = {isa = PBXBuildFile; fileRef = FA8453CA2565154500D937E1 /* Decodable+Helpers.swift */; };
		FA8453D025651BD200D937E1 /* ResponseError.swift in Sources */ = {isa = PBXBuildFile; fileRef = FA8453CF25651BD200D937E1 /* ResponseError.swift */; };
/* End PBXBuildFile section */

/* Begin PBXContainerItemProxy section */
		FA59600B2564FFCC00B5658F /* PBXContainerItemProxy */ = {
			isa = PBXContainerItemProxy;
			containerPortal = FA595FEC2564FFC900B5658F /* Project object */;
			proxyType = 1;
			remoteGlobalIDString = FA595FF32564FFC900B5658F;
			remoteInfo = NYTimes;
		};
		FA5960162564FFCC00B5658F /* PBXContainerItemProxy */ = {
			isa = PBXContainerItemProxy;
			containerPortal = FA595FEC2564FFC900B5658F /* Project object */;
			proxyType = 1;
			remoteGlobalIDString = FA595FF32564FFC900B5658F;
			remoteInfo = NYTimes;
		};
/* End PBXContainerItemProxy section */

/* Begin PBXFileReference section */
		24BEA4DCE14DDB5B778D927A /* Pods-NYTimes.release.xcconfig */ = {isa = PBXFileReference; includeInIndex = 1; lastKnownFileType = text.xcconfig; name = "Pods-NYTimes.release.xcconfig"; path = "Target Support Files/Pods-NYTimes/Pods-NYTimes.release.xcconfig"; sourceTree = "<group>"; };
		BCB68FD48334722F0B0A8F4C /* Pods_NYTimes.framework */ = {isa = PBXFileReference; explicitFileType = wrapper.framework; includeInIndex = 0; path = Pods_NYTimes.framework; sourceTree = BUILT_PRODUCTS_DIR; };
		E8EE3EFA4142CE730EABA658 /* Pods-NYTimes.debug.xcconfig */ = {isa = PBXFileReference; includeInIndex = 1; lastKnownFileType = text.xcconfig; name = "Pods-NYTimes.debug.xcconfig"; path = "Target Support Files/Pods-NYTimes/Pods-NYTimes.debug.xcconfig"; sourceTree = "<group>"; };
		FA11CB24256550F800B61A7C /* NewsListTableViewCell.swift */ = {isa = PBXFileReference; lastKnownFileType = sourcecode.swift; path = NewsListTableViewCell.swift; sourceTree = "<group>"; };
		FA11CB2C256551A500B61A7C /* NewsItemViewModel.swift */ = {isa = PBXFileReference; lastKnownFileType = sourcecode.swift; path = NewsItemViewModel.swift; sourceTree = "<group>"; };
		FA11CB4F2565860100B61A7C /* Media.swift */ = {isa = PBXFileReference; lastKnownFileType = sourcecode.swift; path = Media.swift; sourceTree = "<group>"; };
		FA11CB5E2565974B00B61A7C /* ArticleTests.swift */ = {isa = PBXFileReference; fileEncoding = 4; lastKnownFileType = sourcecode.swift; path = ArticleTests.swift; sourceTree = "<group>"; };
		FA11CB69256599DF00B61A7C /* MediaTests.swift */ = {isa = PBXFileReference; lastKnownFileType = sourcecode.swift; path = MediaTests.swift; sourceTree = "<group>"; };
		FA11CB6E25659A5E00B61A7C /* MetadataTests.swift */ = {isa = PBXFileReference; lastKnownFileType = sourcecode.swift; path = MetadataTests.swift; sourceTree = "<group>"; };
		FA11CB81256644C700B61A7C /* NewsListViewModelTests.swift */ = {isa = PBXFileReference; lastKnownFileType = sourcecode.swift; path = NewsListViewModelTests.swift; sourceTree = "<group>"; };
		FA11CB8B2566698800B61A7C /* Article+Factory.swift */ = {isa = PBXFileReference; lastKnownFileType = sourcecode.swift; path = "Article+Factory.swift"; sourceTree = "<group>"; };
		FA11CB9025666A4E00B61A7C /* Media+Factory.swift */ = {isa = PBXFileReference; lastKnownFileType = sourcecode.swift; path = "Media+Factory.swift"; sourceTree = "<group>"; };
		FA11CB95256674D700B61A7C /* NewsItemViewModelTests.swift */ = {isa = PBXFileReference; lastKnownFileType = sourcecode.swift; path = NewsItemViewModelTests.swift; sourceTree = "<group>"; };
		FA11CB9B25667FD000B61A7C /* ArticleView.swift */ = {isa = PBXFileReference; lastKnownFileType = sourcecode.swift; path = ArticleView.swift; sourceTree = "<group>"; };
		FA11CBA025667FDB00B61A7C /* ArticleViewModel.swift */ = {isa = PBXFileReference; lastKnownFileType = sourcecode.swift; path = ArticleViewModel.swift; sourceTree = "<group>"; };
		FA11CBB62566AEBC00B61A7C /* ArticleViewModelTests.swift */ = {isa = PBXFileReference; lastKnownFileType = sourcecode.swift; path = ArticleViewModelTests.swift; sourceTree = "<group>"; };
		FA3DC6CB2565385700DFD563 /* NewsListViewController.swift */ = {isa = PBXFileReference; lastKnownFileType = sourcecode.swift; path = NewsListViewController.swift; sourceTree = "<group>"; };
		FA595FF42564FFC900B5658F /* NYTimes.app */ = {isa = PBXFileReference; explicitFileType = wrapper.application; includeInIndex = 0; path = NYTimes.app; sourceTree = BUILT_PRODUCTS_DIR; };
		FA595FF72564FFC900B5658F /* AppDelegate.swift */ = {isa = PBXFileReference; lastKnownFileType = sourcecode.swift; path = AppDelegate.swift; sourceTree = "<group>"; };
		FA595FF92564FFC900B5658F /* SceneDelegate.swift */ = {isa = PBXFileReference; lastKnownFileType = sourcecode.swift; path = SceneDelegate.swift; sourceTree = "<group>"; };
		FA595FFD2564FFCB00B5658F /* Assets.xcassets */ = {isa = PBXFileReference; lastKnownFileType = folder.assetcatalog; path = Assets.xcassets; sourceTree = "<group>"; };
		FA5960002564FFCB00B5658F /* Preview Assets.xcassets */ = {isa = PBXFileReference; lastKnownFileType = folder.assetcatalog; path = "Preview Assets.xcassets"; sourceTree = "<group>"; };
		FA5960032564FFCB00B5658F /* Base */ = {isa = PBXFileReference; lastKnownFileType = file.storyboard; name = Base; path = Base.lproj/LaunchScreen.storyboard; sourceTree = "<group>"; };
		FA5960052564FFCB00B5658F /* Info.plist */ = {isa = PBXFileReference; lastKnownFileType = text.plist.xml; path = Info.plist; sourceTree = "<group>"; };
		FA59600A2564FFCC00B5658F /* NYTimesTests.xctest */ = {isa = PBXFileReference; explicitFileType = wrapper.cfbundle; includeInIndex = 0; path = NYTimesTests.xctest; sourceTree = BUILT_PRODUCTS_DIR; };
		FA5960102564FFCC00B5658F /* Info.plist */ = {isa = PBXFileReference; lastKnownFileType = text.plist.xml; path = Info.plist; sourceTree = "<group>"; };
		FA5960152564FFCC00B5658F /* NYTimesUITests.xctest */ = {isa = PBXFileReference; explicitFileType = wrapper.cfbundle; includeInIndex = 0; path = NYTimesUITests.xctest; sourceTree = BUILT_PRODUCTS_DIR; };
		FA5960192564FFCC00B5658F /* NYTimesUITests.swift */ = {isa = PBXFileReference; lastKnownFileType = sourcecode.swift; path = NYTimesUITests.swift; sourceTree = "<group>"; };
		FA59601B2564FFCC00B5658F /* Info.plist */ = {isa = PBXFileReference; lastKnownFileType = text.plist.xml; path = Info.plist; sourceTree = "<group>"; };
		FA596040256502D500B5658F /* ConfigurationManager.swift */ = {isa = PBXFileReference; lastKnownFileType = sourcecode.swift; path = ConfigurationManager.swift; sourceTree = "<group>"; };
		FA5960492565070400B5658F /* PopularNewsRepo.swift */ = {isa = PBXFileReference; lastKnownFileType = sourcecode.swift; path = PopularNewsRepo.swift; sourceTree = "<group>"; };
		FA59604E2565075000B5658F /* Initiable.swift */ = {isa = PBXFileReference; lastKnownFileType = sourcecode.swift; path = Initiable.swift; sourceTree = "<group>"; };
		FA8453AE25650C7100D937E1 /* NewsListViewModel.swift */ = {isa = PBXFileReference; lastKnownFileType = sourcecode.swift; path = NewsListViewModel.swift; sourceTree = "<group>"; };
		FA8453B325650DBB00D937E1 /* Article.swift */ = {isa = PBXFileReference; lastKnownFileType = sourcecode.swift; path = Article.swift; sourceTree = "<group>"; };
		FA8453B825650E2C00D937E1 /* Publisher+Helpers.swift */ = {isa = PBXFileReference; lastKnownFileType = sourcecode.swift; path = "Publisher+Helpers.swift"; sourceTree = "<group>"; };
		FA8453BD25650E4700D937E1 /* JSONDecoder+Helpers.swift */ = {isa = PBXFileReference; lastKnownFileType = sourcecode.swift; path = "JSONDecoder+Helpers.swift"; sourceTree = "<group>"; };
		FA8453C52565128900D937E1 /* Alamofire+Helpers.swift */ = {isa = PBXFileReference; lastKnownFileType = sourcecode.swift; path = "Alamofire+Helpers.swift"; sourceTree = "<group>"; };
		FA8453CA2565154500D937E1 /* Decodable+Helpers.swift */ = {isa = PBXFileReference; lastKnownFileType = sourcecode.swift; path = "Decodable+Helpers.swift"; sourceTree = "<group>"; };
		FA8453CF25651BD200D937E1 /* ResponseError.swift */ = {isa = PBXFileReference; lastKnownFileType = sourcecode.swift; path = ResponseError.swift; sourceTree = "<group>"; };
/* End PBXFileReference section */

/* Begin PBXFrameworksBuildPhase section */
		FA595FF12564FFC900B5658F /* Frameworks */ = {
			isa = PBXFrameworksBuildPhase;
			buildActionMask = 2147483647;
			files = (
				1746A86E3E7927C40BFFCDFA /* Pods_NYTimes.framework in Frameworks */,
			);
			runOnlyForDeploymentPostprocessing = 0;
		};
		FA5960072564FFCC00B5658F /* Frameworks */ = {
			isa = PBXFrameworksBuildPhase;
			buildActionMask = 2147483647;
			files = (
			);
			runOnlyForDeploymentPostprocessing = 0;
		};
		FA5960122564FFCC00B5658F /* Frameworks */ = {
			isa = PBXFrameworksBuildPhase;
			buildActionMask = 2147483647;
			files = (
			);
			runOnlyForDeploymentPostprocessing = 0;
		};
/* End PBXFrameworksBuildPhase section */

/* Begin PBXGroup section */
		10BCC85B1DCC979357E562F3 /* Pods */ = {
			isa = PBXGroup;
			children = (
				E8EE3EFA4142CE730EABA658 /* Pods-NYTimes.debug.xcconfig */,
				24BEA4DCE14DDB5B778D927A /* Pods-NYTimes.release.xcconfig */,
			);
			path = Pods;
			sourceTree = "<group>";
		};
		C23712FD68AA5D89A719C89A /* Frameworks */ = {
			isa = PBXGroup;
			children = (
				BCB68FD48334722F0B0A8F4C /* Pods_NYTimes.framework */,
			);
			name = Frameworks;
			sourceTree = "<group>";
		};
		FA11CB232565509300B61A7C /* Item */ = {
			isa = PBXGroup;
			children = (
				FA11CB2C256551A500B61A7C /* NewsItemViewModel.swift */,
				FA11CB24256550F800B61A7C /* NewsListTableViewCell.swift */,
			);
			path = Item;
			sourceTree = "<group>";
		};
		FA11CB5D2565974B00B61A7C /* ModelsTests */ = {
			isa = PBXGroup;
			children = (
				FA11CB5E2565974B00B61A7C /* ArticleTests.swift */,
				FA11CB69256599DF00B61A7C /* MediaTests.swift */,
				FA11CB6E25659A5E00B61A7C /* MetadataTests.swift */,
			);
			path = ModelsTests;
			sourceTree = "<group>";
		};
		FA11CB7F256644A300B61A7C /* ViewModels */ = {
			isa = PBXGroup;
			children = (
				FA11CB80256644AE00B61A7C /* NewsList */,
			);
			path = ViewModels;
			sourceTree = "<group>";
		};
		FA11CB80256644AE00B61A7C /* NewsList */ = {
			isa = PBXGroup;
			children = (
				FA11CBB62566AEBC00B61A7C /* ArticleViewModelTests.swift */,
				FA11CB95256674D700B61A7C /* NewsItemViewModelTests.swift */,
				FA11CB81256644C700B61A7C /* NewsListViewModelTests.swift */,
			);
			path = NewsList;
			sourceTree = "<group>";
		};
		FA11CB9A25667FAB00B61A7C /* Article */ = {
			isa = PBXGroup;
			children = (
				FA11CB9B25667FD000B61A7C /* ArticleView.swift */,
				FA11CBA025667FDB00B61A7C /* ArticleViewModel.swift */,
			);
			path = Article;
			sourceTree = "<group>";
		};
		FA595FEB2564FFC900B5658F = {
			isa = PBXGroup;
			children = (
				FA595FF62564FFC900B5658F /* NYTimes */,
				FA59600D2564FFCC00B5658F /* NYTimesTests */,
				FA5960182564FFCC00B5658F /* NYTimesUITests */,
				FA595FF52564FFC900B5658F /* Products */,
				10BCC85B1DCC979357E562F3 /* Pods */,
				C23712FD68AA5D89A719C89A /* Frameworks */,
			);
			sourceTree = "<group>";
		};
		FA595FF52564FFC900B5658F /* Products */ = {
			isa = PBXGroup;
			children = (
				FA595FF42564FFC900B5658F /* NYTimes.app */,
				FA59600A2564FFCC00B5658F /* NYTimesTests.xctest */,
				FA5960152564FFCC00B5658F /* NYTimesUITests.xctest */,
			);
			name = Products;
			sourceTree = "<group>";
		};
		FA595FF62564FFC900B5658F /* NYTimes */ = {
			isa = PBXGroup;
			children = (
				FA5960482565067900B5658F /* API */,
				FA595FF72564FFC900B5658F /* AppDelegate.swift */,
				FA595FFD2564FFCB00B5658F /* Assets.xcassets */,
				FA59603B2565015400B5658F /* Extensions */,
				FA59603F2565029900B5658F /* Helpers */,
				FA5960052564FFCB00B5658F /* Info.plist */,
				FA5960022564FFCB00B5658F /* LaunchScreen.storyboard */,
				FA59602B256500C900B5658F /* Models */,
				FA595FFF2564FFCB00B5658F /* Preview Content */,
				FA595FF92564FFC900B5658F /* SceneDelegate.swift */,
				FA59602A256500B500B5658F /* Views */,
			);
			path = NYTimes;
			sourceTree = "<group>";
		};
		FA595FFF2564FFCB00B5658F /* Preview Content */ = {
			isa = PBXGroup;
			children = (
				FA5960002564FFCB00B5658F /* Preview Assets.xcassets */,
			);
			path = "Preview Content";
			sourceTree = "<group>";
		};
		FA59600D2564FFCC00B5658F /* NYTimesTests */ = {
			isa = PBXGroup;
			children = (
				FA11CB7F256644A300B61A7C /* ViewModels */,
				FA11CB5D2565974B00B61A7C /* ModelsTests */,
				FA5960102564FFCC00B5658F /* Info.plist */,
			);
			path = NYTimesTests;
			sourceTree = "<group>";
		};
		FA5960182564FFCC00B5658F /* NYTimesUITests */ = {
			isa = PBXGroup;
			children = (
				FA5960192564FFCC00B5658F /* NYTimesUITests.swift */,
				FA59601B2564FFCC00B5658F /* Info.plist */,
			);
			path = NYTimesUITests;
			sourceTree = "<group>";
		};
		FA59602A256500B500B5658F /* Views */ = {
			isa = PBXGroup;
			children = (
				FA11CB9A25667FAB00B61A7C /* Article */,
				FA59602C256500E900B5658F /* NewsList */,
			);
			path = Views;
			sourceTree = "<group>";
		};
		FA59602B256500C900B5658F /* Models */ = {
			isa = PBXGroup;
			children = (
				FA8453B325650DBB00D937E1 /* Article.swift */,
				FA11CB8B2566698800B61A7C /* Article+Factory.swift */,
				FA11CB4F2565860100B61A7C /* Media.swift */,
				FA11CB9025666A4E00B61A7C /* Media+Factory.swift */,
			);
			path = Models;
			sourceTree = "<group>";
		};
		FA59602C256500E900B5658F /* NewsList */ = {
			isa = PBXGroup;
			children = (
				FA3DC6CB2565385700DFD563 /* NewsListViewController.swift */,
				FA11CB232565509300B61A7C /* Item */,
				FA8453AE25650C7100D937E1 /* NewsListViewModel.swift */,
			);
			path = NewsList;
			sourceTree = "<group>";
		};
		FA59603B2565015400B5658F /* Extensions */ = {
			isa = PBXGroup;
			children = (
				FA8453B825650E2C00D937E1 /* Publisher+Helpers.swift */,
				FA8453BD25650E4700D937E1 /* JSONDecoder+Helpers.swift */,
				FA8453C52565128900D937E1 /* Alamofire+Helpers.swift */,
				FA8453CA2565154500D937E1 /* Decodable+Helpers.swift */,
			);
			path = Extensions;
			sourceTree = "<group>";
		};
		FA59603F2565029900B5658F /* Helpers */ = {
			isa = PBXGroup;
			children = (
				FA596040256502D500B5658F /* ConfigurationManager.swift */,
				FA59604E2565075000B5658F /* Initiable.swift */,
				FA8453CF25651BD200D937E1 /* ResponseError.swift */,
			);
			path = Helpers;
			sourceTree = "<group>";
		};
		FA5960482565067900B5658F /* API */ = {
			isa = PBXGroup;
			children = (
				FA5960492565070400B5658F /* PopularNewsRepo.swift */,
			);
			path = API;
			sourceTree = "<group>";
		};
/* End PBXGroup section */

/* Begin PBXNativeTarget section */
		FA595FF32564FFC900B5658F /* NYTimes */ = {
			isa = PBXNativeTarget;
			buildConfigurationList = FA59601E2564FFCC00B5658F /* Build configuration list for PBXNativeTarget "NYTimes" */;
			buildPhases = (
				A69E40A8DA36F5AF8AE751D5 /* [CP] Check Pods Manifest.lock */,
				FA595FF02564FFC900B5658F /* Sources */,
				FA595FF12564FFC900B5658F /* Frameworks */,
				FA595FF22564FFC900B5658F /* Resources */,
				6F4FDD8C75F02D4AF5AAED20 /* [CP] Embed Pods Frameworks */,
				FA11CBC52566C29B00B61A7C /* SwiftLint run script */,
			);
			buildRules = (
			);
			dependencies = (
			);
			name = NYTimes;
			productName = NYTimes;
			productReference = FA595FF42564FFC900B5658F /* NYTimes.app */;
			productType = "com.apple.product-type.application";
		};
		FA5960092564FFCC00B5658F /* NYTimesTests */ = {
			isa = PBXNativeTarget;
			buildConfigurationList = FA5960212564FFCC00B5658F /* Build configuration list for PBXNativeTarget "NYTimesTests" */;
			buildPhases = (
				FA5960062564FFCC00B5658F /* Sources */,
				FA5960072564FFCC00B5658F /* Frameworks */,
				FA5960082564FFCC00B5658F /* Resources */,
			);
			buildRules = (
			);
			dependencies = (
				FA59600C2564FFCC00B5658F /* PBXTargetDependency */,
			);
			name = NYTimesTests;
			productName = NYTimesTests;
			productReference = FA59600A2564FFCC00B5658F /* NYTimesTests.xctest */;
			productType = "com.apple.product-type.bundle.unit-test";
		};
		FA5960142564FFCC00B5658F /* NYTimesUITests */ = {
			isa = PBXNativeTarget;
			buildConfigurationList = FA5960242564FFCC00B5658F /* Build configuration list for PBXNativeTarget "NYTimesUITests" */;
			buildPhases = (
				FA5960112564FFCC00B5658F /* Sources */,
				FA5960122564FFCC00B5658F /* Frameworks */,
				FA5960132564FFCC00B5658F /* Resources */,
			);
			buildRules = (
			);
			dependencies = (
				FA5960172564FFCC00B5658F /* PBXTargetDependency */,
			);
			name = NYTimesUITests;
			productName = NYTimesUITests;
			productReference = FA5960152564FFCC00B5658F /* NYTimesUITests.xctest */;
			productType = "com.apple.product-type.bundle.ui-testing";
		};
/* End PBXNativeTarget section */

/* Begin PBXProject section */
		FA595FEC2564FFC900B5658F /* Project object */ = {
			isa = PBXProject;
			attributes = {
				LastSwiftUpdateCheck = 1210;
				LastUpgradeCheck = 1210;
				TargetAttributes = {
					FA595FF32564FFC900B5658F = {
						CreatedOnToolsVersion = 12.1;
					};
					FA5960092564FFCC00B5658F = {
						CreatedOnToolsVersion = 12.1;
						TestTargetID = FA595FF32564FFC900B5658F;
					};
					FA5960142564FFCC00B5658F = {
						CreatedOnToolsVersion = 12.1;
						TestTargetID = FA595FF32564FFC900B5658F;
					};
				};
			};
			buildConfigurationList = FA595FEF2564FFC900B5658F /* Build configuration list for PBXProject "NYTimes" */;
			compatibilityVersion = "Xcode 9.3";
			developmentRegion = en;
			hasScannedForEncodings = 0;
			knownRegions = (
				en,
				Base,
			);
			mainGroup = FA595FEB2564FFC900B5658F;
			productRefGroup = FA595FF52564FFC900B5658F /* Products */;
			projectDirPath = "";
			projectRoot = "";
			targets = (
				FA595FF32564FFC900B5658F /* NYTimes */,
				FA5960092564FFCC00B5658F /* NYTimesTests */,
				FA5960142564FFCC00B5658F /* NYTimesUITests */,
			);
		};
/* End PBXProject section */

/* Begin PBXResourcesBuildPhase section */
		FA595FF22564FFC900B5658F /* Resources */ = {
			isa = PBXResourcesBuildPhase;
			buildActionMask = 2147483647;
			files = (
				FA5960042564FFCB00B5658F /* LaunchScreen.storyboard in Resources */,
				FA5960012564FFCB00B5658F /* Preview Assets.xcassets in Resources */,
				FA595FFE2564FFCB00B5658F /* Assets.xcassets in Resources */,
			);
			runOnlyForDeploymentPostprocessing = 0;
		};
		FA5960082564FFCC00B5658F /* Resources */ = {
			isa = PBXResourcesBuildPhase;
			buildActionMask = 2147483647;
			files = (
			);
			runOnlyForDeploymentPostprocessing = 0;
		};
		FA5960132564FFCC00B5658F /* Resources */ = {
			isa = PBXResourcesBuildPhase;
			buildActionMask = 2147483647;
			files = (
			);
			runOnlyForDeploymentPostprocessing = 0;
		};
/* End PBXResourcesBuildPhase section */

/* Begin PBXShellScriptBuildPhase section */
		6F4FDD8C75F02D4AF5AAED20 /* [CP] Embed Pods Frameworks */ = {
			isa = PBXShellScriptBuildPhase;
			buildActionMask = 2147483647;
			files = (
			);
			inputFileListPaths = (
				"${PODS_ROOT}/Target Support Files/Pods-NYTimes/Pods-NYTimes-frameworks-${CONFIGURATION}-input-files.xcfilelist",
			);
			name = "[CP] Embed Pods Frameworks";
			outputFileListPaths = (
				"${PODS_ROOT}/Target Support Files/Pods-NYTimes/Pods-NYTimes-frameworks-${CONFIGURATION}-output-files.xcfilelist",
			);
			runOnlyForDeploymentPostprocessing = 0;
			shellPath = /bin/sh;
			shellScript = "\"${PODS_ROOT}/Target Support Files/Pods-NYTimes/Pods-NYTimes-frameworks.sh\"\n";
			showEnvVarsInLog = 0;
		};
		A69E40A8DA36F5AF8AE751D5 /* [CP] Check Pods Manifest.lock */ = {
			isa = PBXShellScriptBuildPhase;
			buildActionMask = 2147483647;
			files = (
			);
			inputFileListPaths = (
			);
			inputPaths = (
				"${PODS_PODFILE_DIR_PATH}/Podfile.lock",
				"${PODS_ROOT}/Manifest.lock",
			);
			name = "[CP] Check Pods Manifest.lock";
			outputFileListPaths = (
			);
			outputPaths = (
				"$(DERIVED_FILE_DIR)/Pods-NYTimes-checkManifestLockResult.txt",
			);
			runOnlyForDeploymentPostprocessing = 0;
			shellPath = /bin/sh;
			shellScript = "diff \"${PODS_PODFILE_DIR_PATH}/Podfile.lock\" \"${PODS_ROOT}/Manifest.lock\" > /dev/null\nif [ $? != 0 ] ; then\n    # print error to STDERR\n    echo \"error: The sandbox is not in sync with the Podfile.lock. Run 'pod install' or update your CocoaPods installation.\" >&2\n    exit 1\nfi\n# This output is used by Xcode 'outputs' to avoid re-running this script phase.\necho \"SUCCESS\" > \"${SCRIPT_OUTPUT_FILE_0}\"\n";
			showEnvVarsInLog = 0;
		};
		FA11CBC52566C29B00B61A7C /* SwiftLint run script */ = {
			isa = PBXShellScriptBuildPhase;
			buildActionMask = 2147483647;
			files = (
			);
			inputFileListPaths = (
			);
			inputPaths = (
			);
			name = "SwiftLint run script";
			outputFileListPaths = (
			);
			outputPaths = (
			);
			runOnlyForDeploymentPostprocessing = 0;
			shellPath = /bin/sh;
			shellScript = "${PODS_ROOT}/SwiftLint/swiftlint autocorrect\n";
		};
/* End PBXShellScriptBuildPhase section */

/* Begin PBXSourcesBuildPhase section */
		FA595FF02564FFC900B5658F /* Sources */ = {
			isa = PBXSourcesBuildPhase;
			buildActionMask = 2147483647;
			files = (
				FA11CB8C2566698800B61A7C /* Article+Factory.swift in Sources */,
				FA8453C62565128900D937E1 /* Alamofire+Helpers.swift in Sources */,
				FA11CB2D256551A500B61A7C /* NewsItemViewModel.swift in Sources */,
				FA8453B925650E2C00D937E1 /* Publisher+Helpers.swift in Sources */,
				FA596041256502D500B5658F /* ConfigurationManager.swift in Sources */,
				FA11CB9125666A4E00B61A7C /* Media+Factory.swift in Sources */,
				FA3DC6CC2565385700DFD563 /* NewsListViewController.swift in Sources */,
				FA8453AF25650C7100D937E1 /* NewsListViewModel.swift in Sources */,
				FA11CB502565860100B61A7C /* Media.swift in Sources */,
				FA595FF82564FFC900B5658F /* AppDelegate.swift in Sources */,
				FA8453BE25650E4700D937E1 /* JSONDecoder+Helpers.swift in Sources */,
				FA59604A2565070400B5658F /* PopularNewsRepo.swift in Sources */,
				FA8453D025651BD200D937E1 /* ResponseError.swift in Sources */,
				FA11CBA125667FDB00B61A7C /* ArticleViewModel.swift in Sources */,
				FA8453CB2565154500D937E1 /* Decodable+Helpers.swift in Sources */,
				FA8453B425650DBB00D937E1 /* Article.swift in Sources */,
				FA11CB9C25667FD000B61A7C /* ArticleView.swift in Sources */,
				FA59604F2565075000B5658F /* Initiable.swift in Sources */,
				FA11CB25256550F800B61A7C /* NewsListTableViewCell.swift in Sources */,
				FA595FFA2564FFC900B5658F /* SceneDelegate.swift in Sources */,
			);
			runOnlyForDeploymentPostprocessing = 0;
		};
		FA5960062564FFCC00B5658F /* Sources */ = {
			isa = PBXSourcesBuildPhase;
			buildActionMask = 2147483647;
			files = (
				FA11CB6A256599DF00B61A7C /* MediaTests.swift in Sources */,
				FA11CB96256674D700B61A7C /* NewsItemViewModelTests.swift in Sources */,
				FA11CB6F25659A5E00B61A7C /* MetadataTests.swift in Sources */,
				FA11CB5F2565974B00B61A7C /* ArticleTests.swift in Sources */,
				FA11CB82256644C700B61A7C /* NewsListViewModelTests.swift in Sources */,
				FA11CBB72566AEBC00B61A7C /* ArticleViewModelTests.swift in Sources */,
			);
			runOnlyForDeploymentPostprocessing = 0;
		};
		FA5960112564FFCC00B5658F /* Sources */ = {
			isa = PBXSourcesBuildPhase;
			buildActionMask = 2147483647;
			files = (
				FA59601A2564FFCC00B5658F /* NYTimesUITests.swift in Sources */,
			);
			runOnlyForDeploymentPostprocessing = 0;
		};
/* End PBXSourcesBuildPhase section */

/* Begin PBXTargetDependency section */
		FA59600C2564FFCC00B5658F /* PBXTargetDependency */ = {
			isa = PBXTargetDependency;
			target = FA595FF32564FFC900B5658F /* NYTimes */;
			targetProxy = FA59600B2564FFCC00B5658F /* PBXContainerItemProxy */;
		};
		FA5960172564FFCC00B5658F /* PBXTargetDependency */ = {
			isa = PBXTargetDependency;
			target = FA595FF32564FFC900B5658F /* NYTimes */;
			targetProxy = FA5960162564FFCC00B5658F /* PBXContainerItemProxy */;
		};
/* End PBXTargetDependency section */

/* Begin PBXVariantGroup section */
		FA5960022564FFCB00B5658F /* LaunchScreen.storyboard */ = {
			isa = PBXVariantGroup;
			children = (
				FA5960032564FFCB00B5658F /* Base */,
			);
			name = LaunchScreen.storyboard;
			sourceTree = "<group>";
		};
/* End PBXVariantGroup section */

/* Begin XCBuildConfiguration section */
		FA59601C2564FFCC00B5658F /* Debug */ = {
			isa = XCBuildConfiguration;
			buildSettings = {
				ALWAYS_SEARCH_USER_PATHS = NO;
				CLANG_ANALYZER_NONNULL = YES;
				CLANG_ANALYZER_NUMBER_OBJECT_CONVERSION = YES_AGGRESSIVE;
				CLANG_CXX_LANGUAGE_STANDARD = "gnu++14";
				CLANG_CXX_LIBRARY = "libc++";
				CLANG_ENABLE_MODULES = YES;
				CLANG_ENABLE_OBJC_ARC = YES;
				CLANG_ENABLE_OBJC_WEAK = YES;
				CLANG_WARN_BLOCK_CAPTURE_AUTORELEASING = YES;
				CLANG_WARN_BOOL_CONVERSION = YES;
				CLANG_WARN_COMMA = YES;
				CLANG_WARN_CONSTANT_CONVERSION = YES;
				CLANG_WARN_DEPRECATED_OBJC_IMPLEMENTATIONS = YES;
				CLANG_WARN_DIRECT_OBJC_ISA_USAGE = YES_ERROR;
				CLANG_WARN_DOCUMENTATION_COMMENTS = YES;
				CLANG_WARN_EMPTY_BODY = YES;
				CLANG_WARN_ENUM_CONVERSION = YES;
				CLANG_WARN_INFINITE_RECURSION = YES;
				CLANG_WARN_INT_CONVERSION = YES;
				CLANG_WARN_NON_LITERAL_NULL_CONVERSION = YES;
				CLANG_WARN_OBJC_IMPLICIT_RETAIN_SELF = YES;
				CLANG_WARN_OBJC_LITERAL_CONVERSION = YES;
				CLANG_WARN_OBJC_ROOT_CLASS = YES_ERROR;
				CLANG_WARN_QUOTED_INCLUDE_IN_FRAMEWORK_HEADER = YES;
				CLANG_WARN_RANGE_LOOP_ANALYSIS = YES;
				CLANG_WARN_STRICT_PROTOTYPES = YES;
				CLANG_WARN_SUSPICIOUS_MOVE = YES;
				CLANG_WARN_UNGUARDED_AVAILABILITY = YES_AGGRESSIVE;
				CLANG_WARN_UNREACHABLE_CODE = YES;
				CLANG_WARN__DUPLICATE_METHOD_MATCH = YES;
				COPY_PHASE_STRIP = NO;
				DEBUG_INFORMATION_FORMAT = dwarf;
				ENABLE_STRICT_OBJC_MSGSEND = YES;
				ENABLE_TESTABILITY = YES;
				GCC_C_LANGUAGE_STANDARD = gnu11;
				GCC_DYNAMIC_NO_PIC = NO;
				GCC_NO_COMMON_BLOCKS = YES;
				GCC_OPTIMIZATION_LEVEL = 0;
				GCC_PREPROCESSOR_DEFINITIONS = (
					"DEBUG=1",
					"$(inherited)",
				);
				GCC_WARN_64_TO_32_BIT_CONVERSION = YES;
				GCC_WARN_ABOUT_RETURN_TYPE = YES_ERROR;
				GCC_WARN_UNDECLARED_SELECTOR = YES;
				GCC_WARN_UNINITIALIZED_AUTOS = YES_AGGRESSIVE;
				GCC_WARN_UNUSED_FUNCTION = YES;
				GCC_WARN_UNUSED_VARIABLE = YES;
				IPHONEOS_DEPLOYMENT_TARGET = 14.1;
				MTL_ENABLE_DEBUG_INFO = INCLUDE_SOURCE;
				MTL_FAST_MATH = YES;
				ONLY_ACTIVE_ARCH = YES;
				SDKROOT = iphoneos;
				SWIFT_ACTIVE_COMPILATION_CONDITIONS = DEBUG;
				SWIFT_OPTIMIZATION_LEVEL = "-Onone";
			};
			name = Debug;
		};
		FA59601D2564FFCC00B5658F /* Release */ = {
			isa = XCBuildConfiguration;
			buildSettings = {
				ALWAYS_SEARCH_USER_PATHS = NO;
				CLANG_ANALYZER_NONNULL = YES;
				CLANG_ANALYZER_NUMBER_OBJECT_CONVERSION = YES_AGGRESSIVE;
				CLANG_CXX_LANGUAGE_STANDARD = "gnu++14";
				CLANG_CXX_LIBRARY = "libc++";
				CLANG_ENABLE_MODULES = YES;
				CLANG_ENABLE_OBJC_ARC = YES;
				CLANG_ENABLE_OBJC_WEAK = YES;
				CLANG_WARN_BLOCK_CAPTURE_AUTORELEASING = YES;
				CLANG_WARN_BOOL_CONVERSION = YES;
				CLANG_WARN_COMMA = YES;
				CLANG_WARN_CONSTANT_CONVERSION = YES;
				CLANG_WARN_DEPRECATED_OBJC_IMPLEMENTATIONS = YES;
				CLANG_WARN_DIRECT_OBJC_ISA_USAGE = YES_ERROR;
				CLANG_WARN_DOCUMENTATION_COMMENTS = YES;
				CLANG_WARN_EMPTY_BODY = YES;
				CLANG_WARN_ENUM_CONVERSION = YES;
				CLANG_WARN_INFINITE_RECURSION = YES;
				CLANG_WARN_INT_CONVERSION = YES;
				CLANG_WARN_NON_LITERAL_NULL_CONVERSION = YES;
				CLANG_WARN_OBJC_IMPLICIT_RETAIN_SELF = YES;
				CLANG_WARN_OBJC_LITERAL_CONVERSION = YES;
				CLANG_WARN_OBJC_ROOT_CLASS = YES_ERROR;
				CLANG_WARN_QUOTED_INCLUDE_IN_FRAMEWORK_HEADER = YES;
				CLANG_WARN_RANGE_LOOP_ANALYSIS = YES;
				CLANG_WARN_STRICT_PROTOTYPES = YES;
				CLANG_WARN_SUSPICIOUS_MOVE = YES;
				CLANG_WARN_UNGUARDED_AVAILABILITY = YES_AGGRESSIVE;
				CLANG_WARN_UNREACHABLE_CODE = YES;
				CLANG_WARN__DUPLICATE_METHOD_MATCH = YES;
				COPY_PHASE_STRIP = NO;
				DEBUG_INFORMATION_FORMAT = "dwarf-with-dsym";
				ENABLE_NS_ASSERTIONS = NO;
				ENABLE_STRICT_OBJC_MSGSEND = YES;
				GCC_C_LANGUAGE_STANDARD = gnu11;
				GCC_NO_COMMON_BLOCKS = YES;
				GCC_WARN_64_TO_32_BIT_CONVERSION = YES;
				GCC_WARN_ABOUT_RETURN_TYPE = YES_ERROR;
				GCC_WARN_UNDECLARED_SELECTOR = YES;
				GCC_WARN_UNINITIALIZED_AUTOS = YES_AGGRESSIVE;
				GCC_WARN_UNUSED_FUNCTION = YES;
				GCC_WARN_UNUSED_VARIABLE = YES;
				IPHONEOS_DEPLOYMENT_TARGET = 14.1;
				MTL_ENABLE_DEBUG_INFO = NO;
				MTL_FAST_MATH = YES;
				SDKROOT = iphoneos;
				SWIFT_COMPILATION_MODE = wholemodule;
				SWIFT_OPTIMIZATION_LEVEL = "-O";
				VALIDATE_PRODUCT = YES;
			};
			name = Release;
		};
		FA59601F2564FFCC00B5658F /* Debug */ = {
			isa = XCBuildConfiguration;
			baseConfigurationReference = E8EE3EFA4142CE730EABA658 /* Pods-NYTimes.debug.xcconfig */;
			buildSettings = {
				ASSETCATALOG_COMPILER_APPICON_NAME = AppIcon;
				ASSETCATALOG_COMPILER_GLOBAL_ACCENT_COLOR_NAME = AccentColor;
				CODE_SIGN_STYLE = Automatic;
				DEVELOPMENT_ASSET_PATHS = "\"NYTimes/Preview Content\"";
				ENABLE_PREVIEWS = YES;
				INFOPLIST_FILE = NYTimes/Info.plist;
				IPHONEOS_DEPLOYMENT_TARGET = 13.0;
				LD_RUNPATH_SEARCH_PATHS = (
					"$(inherited)",
					"@executable_path/Frameworks",
				);
				PRODUCT_BUNDLE_IDENTIFIER = com.alex.NYTimes;
				PRODUCT_NAME = "$(TARGET_NAME)";
				SWIFT_VERSION = 5.0;
				TARGETED_DEVICE_FAMILY = "1,2";
			};
			name = Debug;
		};
		FA5960202564FFCC00B5658F /* Release */ = {
			isa = XCBuildConfiguration;
			baseConfigurationReference = 24BEA4DCE14DDB5B778D927A /* Pods-NYTimes.release.xcconfig */;
			buildSettings = {
				ASSETCATALOG_COMPILER_APPICON_NAME = AppIcon;
				ASSETCATALOG_COMPILER_GLOBAL_ACCENT_COLOR_NAME = AccentColor;
				CODE_SIGN_STYLE = Automatic;
				DEVELOPMENT_ASSET_PATHS = "\"NYTimes/Preview Content\"";
				ENABLE_PREVIEWS = YES;
				INFOPLIST_FILE = NYTimes/Info.plist;
				IPHONEOS_DEPLOYMENT_TARGET = 13.0;
				LD_RUNPATH_SEARCH_PATHS = (
					"$(inherited)",
					"@executable_path/Frameworks",
				);
				PRODUCT_BUNDLE_IDENTIFIER = com.alex.NYTimes;
				PRODUCT_NAME = "$(TARGET_NAME)";
				SWIFT_VERSION = 5.0;
				TARGETED_DEVICE_FAMILY = "1,2";
			};
			name = Release;
		};
		FA5960222564FFCC00B5658F /* Debug */ = {
			isa = XCBuildConfiguration;
			buildSettings = {
				ALWAYS_EMBED_SWIFT_STANDARD_LIBRARIES = YES;
				BUNDLE_LOADER = "$(TEST_HOST)";
				CODE_SIGN_STYLE = Automatic;
				INFOPLIST_FILE = NYTimesTests/Info.plist;
				IPHONEOS_DEPLOYMENT_TARGET = 13.0;
				LD_RUNPATH_SEARCH_PATHS = (
					"$(inherited)",
					"@executable_path/Frameworks",
					"@loader_path/Frameworks",
				);
				PRODUCT_BUNDLE_IDENTIFIER = com.alex.NYTimesTests;
				PRODUCT_NAME = "$(TARGET_NAME)";
				SWIFT_VERSION = 5.0;
				TARGETED_DEVICE_FAMILY = "1,2";
				TEST_HOST = "$(BUILT_PRODUCTS_DIR)/NYTimes.app/NYTimes";
			};
			name = Debug;
		};
		FA5960232564FFCC00B5658F /* Release */ = {
			isa = XCBuildConfiguration;
			buildSettings = {
				ALWAYS_EMBED_SWIFT_STANDARD_LIBRARIES = YES;
				BUNDLE_LOADER = "$(TEST_HOST)";
				CODE_SIGN_STYLE = Automatic;
				INFOPLIST_FILE = NYTimesTests/Info.plist;
				IPHONEOS_DEPLOYMENT_TARGET = 13.0;
				LD_RUNPATH_SEARCH_PATHS = (
					"$(inherited)",
					"@executable_path/Frameworks",
					"@loader_path/Frameworks",
				);
				PRODUCT_BUNDLE_IDENTIFIER = com.alex.NYTimesTests;
				PRODUCT_NAME = "$(TARGET_NAME)";
				SWIFT_VERSION = 5.0;
				TARGETED_DEVICE_FAMILY = "1,2";
				TEST_HOST = "$(BUILT_PRODUCTS_DIR)/NYTimes.app/NYTimes";
			};
			name = Release;
		};
		FA5960252564FFCC00B5658F /* Debug */ = {
			isa = XCBuildConfiguration;
			buildSettings = {
				ALWAYS_EMBED_SWIFT_STANDARD_LIBRARIES = YES;
				CODE_SIGN_STYLE = Automatic;
				INFOPLIST_FILE = NYTimesUITests/Info.plist;
				LD_RUNPATH_SEARCH_PATHS = (
					"$(inherited)",
					"@executable_path/Frameworks",
					"@loader_path/Frameworks",
				);
				PRODUCT_BUNDLE_IDENTIFIER = com.alex.NYTimesUITests;
				PRODUCT_NAME = "$(TARGET_NAME)";
				SWIFT_VERSION = 5.0;
				TARGETED_DEVICE_FAMILY = "1,2";
				TEST_TARGET_NAME = NYTimes;
			};
			name = Debug;
		};
		FA5960262564FFCC00B5658F /* Release */ = {
			isa = XCBuildConfiguration;
			buildSettings = {
				ALWAYS_EMBED_SWIFT_STANDARD_LIBRARIES = YES;
				CODE_SIGN_STYLE = Automatic;
				INFOPLIST_FILE = NYTimesUITests/Info.plist;
				LD_RUNPATH_SEARCH_PATHS = (
					"$(inherited)",
					"@executable_path/Frameworks",
					"@loader_path/Frameworks",
				);
				PRODUCT_BUNDLE_IDENTIFIER = com.alex.NYTimesUITests;
				PRODUCT_NAME = "$(TARGET_NAME)";
				SWIFT_VERSION = 5.0;
				TARGETED_DEVICE_FAMILY = "1,2";
				TEST_TARGET_NAME = NYTimes;
			};
			name = Release;
		};
/* End XCBuildConfiguration section */

/* Begin XCConfigurationList section */
		FA595FEF2564FFC900B5658F /* Build configuration list for PBXProject "NYTimes" */ = {
			isa = XCConfigurationList;
			buildConfigurations = (
				FA59601C2564FFCC00B5658F /* Debug */,
				FA59601D2564FFCC00B5658F /* Release */,
			);
			defaultConfigurationIsVisible = 0;
			defaultConfigurationName = Release;
		};
		FA59601E2564FFCC00B5658F /* Build configuration list for PBXNativeTarget "NYTimes" */ = {
			isa = XCConfigurationList;
			buildConfigurations = (
				FA59601F2564FFCC00B5658F /* Debug */,
				FA5960202564FFCC00B5658F /* Release */,
			);
			defaultConfigurationIsVisible = 0;
			defaultConfigurationName = Release;
		};
		FA5960212564FFCC00B5658F /* Build configuration list for PBXNativeTarget "NYTimesTests" */ = {
			isa = XCConfigurationList;
			buildConfigurations = (
				FA5960222564FFCC00B5658F /* Debug */,
				FA5960232564FFCC00B5658F /* Release */,
			);
			defaultConfigurationIsVisible = 0;
			defaultConfigurationName = Release;
		};
		FA5960242564FFCC00B5658F /* Build configuration list for PBXNativeTarget "NYTimesUITests" */ = {
			isa = XCConfigurationList;
			buildConfigurations = (
				FA5960252564FFCC00B5658F /* Debug */,
				FA5960262564FFCC00B5658F /* Release */,
			);
			defaultConfigurationIsVisible = 0;
			defaultConfigurationName = Release;
		};
/* End XCConfigurationList section */
	};
	rootObject = FA595FEC2564FFC900B5658F /* Project object */;
}
